
Microsoft Visual Studio Solution File, Format Version 12.00
# Visual Studio Version 17
VisualStudioVersion = 17.12.35527.113 d17.12
MinimumVisualStudioVersion = 10.0.40219.1
Project("{FAE04EC0-301F-11D3-BF4B-00C04F79EFBC}") = "backendProject", "backendProject\backendProject.csproj", "{84F88C47-7B17-4D33-8C98-DE5FCD3BEE78}"
EndProject
Project("{2150E333-8FDC-42A3-9474-1A3956D46DE8}") = "Itens de Solução", "Itens de Solução", "{3CF87DC1-B93D-4726-AD98-F4F9AAB1BF92}"
	ProjectSection(SolutionItems) = preProject
		..\..\.gitignore = ..\..\.gitignore
	EndProjectSection
EndProject
Global
	GlobalSection(SolutionConfigurationPlatforms) = preSolution
		Debug|Any CPU = Debug|Any CPU
		Release|Any CPU = Release|Any CPU
	EndGlobalSection
	GlobalSection(ProjectConfigurationPlatforms) = postSolution
		{84F88C47-7B17-4D33-8C98-DE5FCD3BEE78}.Debug|Any CPU.ActiveCfg = Debug|Any CPU
		{84F88C47-7B17-4D33-8C98-DE5FCD3BEE78}.Debug|Any CPU.Build.0 = Debug|Any CPU
		{84F88C47-7B17-4D33-8C98-DE5FCD3BEE78}.Release|Any CPU.ActiveCfg = Release|Any CPU
		{84F88C47-7B17-4D33-8C98-DE5FCD3BEE78}.Release|Any CPU.Build.0 = Release|Any CPU
	EndGlobalSection
	GlobalSection(SolutionProperties) = preSolution
		HideSolutionNode = FALSE
	EndGlobalSection
EndGlobal
